
Microsoft Visual Studio Solution File, Format Version 12.00
# Visual Studio 2012
Project("{FAE04EC0-301F-11D3-BF4B-00C04F79EFBC}") = "MyCity", "MyCity\MyCity.csproj", "{4877D965-4B26-4F70-AE83-4D203BDD2302}"
EndProject
Project("{FAE04EC0-301F-11D3-BF4B-00C04F79EFBC}") = "MyCity.UITests", "MyCity.UITests\MyCity.UITests.csproj", "{CC2557BE-F023-4361-8AEF-60747FAF89AB}"
EndProject
Global
	GlobalSection(SolutionConfigurationPlatforms) = preSolution
		Debug|Any CPU = Debug|Any CPU
		Release|Any CPU = Release|Any CPU
	EndGlobalSection
	GlobalSection(ProjectConfigurationPlatforms) = postSolution
		{4877D965-4B26-4F70-AE83-4D203BDD2302}.Debug|Any CPU.ActiveCfg = Debug|Any CPU
		{4877D965-4B26-4F70-AE83-4D203BDD2302}.Debug|Any CPU.Build.0 = Debug|Any CPU
		{4877D965-4B26-4F70-AE83-4D203BDD2302}.Release|Any CPU.ActiveCfg = Release|Any CPU
		{4877D965-4B26-4F70-AE83-4D203BDD2302}.Release|Any CPU.Build.0 = Release|Any CPU
		{CC2557BE-F023-4361-8AEF-60747FAF89AB}.Debug|Any CPU.ActiveCfg = Debug|Any CPU
		{CC2557BE-F023-4361-8AEF-60747FAF89AB}.Debug|Any CPU.Build.0 = Debug|Any CPU
		{CC2557BE-F023-4361-8AEF-60747FAF89AB}.Release|Any CPU.ActiveCfg = Release|Any CPU
		{CC2557BE-F023-4361-8AEF-60747FAF89AB}.Release|Any CPU.Build.0 = Release|Any CPU
	EndGlobalSection
EndGlobal
